
Microsoft Visual Studio Solution File, Format Version 12.00
# Visual Studio Version 17
VisualStudioVersion = 17.0.32112.339
MinimumVisualStudioVersion = 10.0.40219.1
Project("{FAE04EC0-301F-11D3-BF4B-00C04F79EFBC}") = "SongsAverageDuration2", "SongsAverageDuration2\SongsAverageDuration2.csproj", "{9D2CE77F-1B18-40FF-9C62-C011396B5961}"
EndProject
Global
	GlobalSection(SolutionConfigurationPlatforms) = preSolution
		Debug|Any CPU = Debug|Any CPU
		Release|Any CPU = Release|Any CPU
	EndGlobalSection
	GlobalSection(ProjectConfigurationPlatforms) = postSolution
		{9D2CE77F-1B18-40FF-9C62-C011396B5961}.Debug|Any CPU.ActiveCfg = Debug|Any CPU
		{9D2CE77F-1B18-40FF-9C62-C011396B5961}.Debug|Any CPU.Build.0 = Debug|Any CPU
		{9D2CE77F-1B18-40FF-9C62-C011396B5961}.Release|Any CPU.ActiveCfg = Release|Any CPU
		{9D2CE77F-1B18-40FF-9C62-C011396B5961}.Release|Any CPU.Build.0 = Release|Any CPU
	EndGlobalSection
	GlobalSection(SolutionProperties) = preSolution
		HideSolutionNode = FALSE
	EndGlobalSection
	GlobalSection(ExtensibilityGlobals) = postSolution
		SolutionGuid = {344D7412-5DC3-4DFB-A63F-B2818E76B17F}
	EndGlobalSection
EndGlobal
